// !$*UTF8*$!
{
	archiveVersion = 1;
	classes = {
	};
	objectVersion = 51;
	objects = {

/* Begin PBXBuildFile section */
		1F1EEF552E3D67F9CE00A286 /* Pods_Parstagram.framework in Frameworks */ = {isa = PBXBuildFile; fileRef = 82B18E9AF526A7FC47E24D1E /* Pods_Parstagram.framework */; };
		D2BC4C1086F787AF427243C2 /* Pods_Parstagram_ParstagramUITests.framework in Frameworks */ = {isa = PBXBuildFile; fileRef = 9867061AF40C0EBEB7127DBA /* Pods_Parstagram_ParstagramUITests.framework */; };
		E812A4AC3ABB759CC232F84D /* Pods_ParstagramTests.framework in Frameworks */ = {isa = PBXBuildFile; fileRef = 213C6189070D038321E9E2BD /* Pods_ParstagramTests.framework */; };
		EF353F46254374EC0038B74D /* AppDelegate.swift in Sources */ = {isa = PBXBuildFile; fileRef = EF353F45254374EC0038B74D /* AppDelegate.swift */; };
		EF353F48254374EC0038B74D /* SceneDelegate.swift in Sources */ = {isa = PBXBuildFile; fileRef = EF353F47254374EC0038B74D /* SceneDelegate.swift */; };
		EF353F4D254374EC0038B74D /* Main.storyboard in Resources */ = {isa = PBXBuildFile; fileRef = EF353F4B254374EC0038B74D /* Main.storyboard */; };
		EF353F4F254374ED0038B74D /* Assets.xcassets in Resources */ = {isa = PBXBuildFile; fileRef = EF353F4E254374ED0038B74D /* Assets.xcassets */; };
		EF353F52254374ED0038B74D /* LaunchScreen.storyboard in Resources */ = {isa = PBXBuildFile; fileRef = EF353F50254374ED0038B74D /* LaunchScreen.storyboard */; };
		EF353F5D254374ED0038B74D /* ParstagramTests.swift in Sources */ = {isa = PBXBuildFile; fileRef = EF353F5C254374ED0038B74D /* ParstagramTests.swift */; };
		EF353F68254374ED0038B74D /* ParstagramUITests.swift in Sources */ = {isa = PBXBuildFile; fileRef = EF353F67254374ED0038B74D /* ParstagramUITests.swift */; };
		EF353F762543B2270038B74D /* LoginViewController.swift in Sources */ = {isa = PBXBuildFile; fileRef = EF353F752543B2270038B74D /* LoginViewController.swift */; };
		EF353F782543B24D0038B74D /* FeedViewController.swift in Sources */ = {isa = PBXBuildFile; fileRef = EF353F772543B24D0038B74D /* FeedViewController.swift */; };
		EF353F7A2543C30D0038B74D /* CameraViewController.swift in Sources */ = {isa = PBXBuildFile; fileRef = EF353F792543C30D0038B74D /* CameraViewController.swift */; };
		EF353F7C2543EF910038B74D /* PostCell.swift in Sources */ = {isa = PBXBuildFile; fileRef = EF353F7B2543EF910038B74D /* PostCell.swift */; };
		EF9C2189254B742900C4C97D /* CommentCell.swift in Sources */ = {isa = PBXBuildFile; fileRef = EF9C2188254B742900C4C97D /* CommentCell.swift */; };
/* End PBXBuildFile section */

/* Begin PBXContainerItemProxy section */
		EF353F59254374ED0038B74D /* PBXContainerItemProxy */ = {
			isa = PBXContainerItemProxy;
			containerPortal = EF353F3A254374EC0038B74D /* Project object */;
			proxyType = 1;
			remoteGlobalIDString = EF353F41254374EC0038B74D;
			remoteInfo = Parstagram;
		};
		EF353F64254374ED0038B74D /* PBXContainerItemProxy */ = {
			isa = PBXContainerItemProxy;
			containerPortal = EF353F3A254374EC0038B74D /* Project object */;
			proxyType = 1;
			remoteGlobalIDString = EF353F41254374EC0038B74D;
			remoteInfo = Parstagram;
		};
/* End PBXContainerItemProxy section */

/* Begin PBXFileReference section */
		213C6189070D038321E9E2BD /* Pods_ParstagramTests.framework */ = {isa = PBXFileReference; explicitFileType = wrapper.framework; includeInIndex = 0; path = Pods_ParstagramTests.framework; sourceTree = BUILT_PRODUCTS_DIR; };
		226B0247814E1EEDCC6BAB26 /* Pods-ParstagramTests.debug.xcconfig */ = {isa = PBXFileReference; includeInIndex = 1; lastKnownFileType = text.xcconfig; name = "Pods-ParstagramTests.debug.xcconfig"; path = "Target Support Files/Pods-ParstagramTests/Pods-ParstagramTests.debug.xcconfig"; sourceTree = "<group>"; };
		7376DFCC57B90BE27C9421A9 /* Pods-Parstagram.debug.xcconfig */ = {isa = PBXFileReference; includeInIndex = 1; lastKnownFileType = text.xcconfig; name = "Pods-Parstagram.debug.xcconfig"; path = "Target Support Files/Pods-Parstagram/Pods-Parstagram.debug.xcconfig"; sourceTree = "<group>"; };
		7E91621A0DAEC6E859DF8852 /* Pods-ParstagramTests.release.xcconfig */ = {isa = PBXFileReference; includeInIndex = 1; lastKnownFileType = text.xcconfig; name = "Pods-ParstagramTests.release.xcconfig"; path = "Target Support Files/Pods-ParstagramTests/Pods-ParstagramTests.release.xcconfig"; sourceTree = "<group>"; };
		82B18E9AF526A7FC47E24D1E /* Pods_Parstagram.framework */ = {isa = PBXFileReference; explicitFileType = wrapper.framework; includeInIndex = 0; path = Pods_Parstagram.framework; sourceTree = BUILT_PRODUCTS_DIR; };
		9867061AF40C0EBEB7127DBA /* Pods_Parstagram_ParstagramUITests.framework */ = {isa = PBXFileReference; explicitFileType = wrapper.framework; includeInIndex = 0; path = Pods_Parstagram_ParstagramUITests.framework; sourceTree = BUILT_PRODUCTS_DIR; };
		E3DABBB68BAF9AE4BE026F04 /* Pods-Parstagram.release.xcconfig */ = {isa = PBXFileReference; includeInIndex = 1; lastKnownFileType = text.xcconfig; name = "Pods-Parstagram.release.xcconfig"; path = "Target Support Files/Pods-Parstagram/Pods-Parstagram.release.xcconfig"; sourceTree = "<group>"; };
		EE39A5AEA2F5C1DC1324386B /* Pods-Parstagram-ParstagramUITests.debug.xcconfig */ = {isa = PBXFileReference; includeInIndex = 1; lastKnownFileType = text.xcconfig; name = "Pods-Parstagram-ParstagramUITests.debug.xcconfig"; path = "Target Support Files/Pods-Parstagram-ParstagramUITests/Pods-Parstagram-ParstagramUITests.debug.xcconfig"; sourceTree = "<group>"; };
		EF353F42254374EC0038B74D /* Parstagram.app */ = {isa = PBXFileReference; explicitFileType = wrapper.application; includeInIndex = 0; path = Parstagram.app; sourceTree = BUILT_PRODUCTS_DIR; };
		EF353F45254374EC0038B74D /* AppDelegate.swift */ = {isa = PBXFileReference; lastKnownFileType = sourcecode.swift; path = AppDelegate.swift; sourceTree = "<group>"; };
		EF353F47254374EC0038B74D /* SceneDelegate.swift */ = {isa = PBXFileReference; lastKnownFileType = sourcecode.swift; path = SceneDelegate.swift; sourceTree = "<group>"; };
		EF353F4C254374EC0038B74D /* Base */ = {isa = PBXFileReference; lastKnownFileType = file.storyboard; name = Base; path = Base.lproj/Main.storyboard; sourceTree = "<group>"; };
		EF353F4E254374ED0038B74D /* Assets.xcassets */ = {isa = PBXFileReference; lastKnownFileType = folder.assetcatalog; path = Assets.xcassets; sourceTree = "<group>"; };
		EF353F51254374ED0038B74D /* Base */ = {isa = PBXFileReference; lastKnownFileType = file.storyboard; name = Base; path = Base.lproj/LaunchScreen.storyboard; sourceTree = "<group>"; };
		EF353F53254374ED0038B74D /* Info.plist */ = {isa = PBXFileReference; lastKnownFileType = text.plist.xml; path = Info.plist; sourceTree = "<group>"; };
		EF353F58254374ED0038B74D /* ParstagramTests.xctest */ = {isa = PBXFileReference; explicitFileType = wrapper.cfbundle; includeInIndex = 0; path = ParstagramTests.xctest; sourceTree = BUILT_PRODUCTS_DIR; };
		EF353F5C254374ED0038B74D /* ParstagramTests.swift */ = {isa = PBXFileReference; lastKnownFileType = sourcecode.swift; path = ParstagramTests.swift; sourceTree = "<group>"; };
		EF353F5E254374ED0038B74D /* Info.plist */ = {isa = PBXFileReference; lastKnownFileType = text.plist.xml; path = Info.plist; sourceTree = "<group>"; };
		EF353F63254374ED0038B74D /* ParstagramUITests.xctest */ = {isa = PBXFileReference; explicitFileType = wrapper.cfbundle; includeInIndex = 0; path = ParstagramUITests.xctest; sourceTree = BUILT_PRODUCTS_DIR; };
		EF353F67254374ED0038B74D /* ParstagramUITests.swift */ = {isa = PBXFileReference; lastKnownFileType = sourcecode.swift; path = ParstagramUITests.swift; sourceTree = "<group>"; };
		EF353F69254374ED0038B74D /* Info.plist */ = {isa = PBXFileReference; lastKnownFileType = text.plist.xml; path = Info.plist; sourceTree = "<group>"; };
		EF353F752543B2270038B74D /* LoginViewController.swift */ = {isa = PBXFileReference; lastKnownFileType = sourcecode.swift; path = LoginViewController.swift; sourceTree = "<group>"; };
		EF353F772543B24D0038B74D /* FeedViewController.swift */ = {isa = PBXFileReference; lastKnownFileType = sourcecode.swift; path = FeedViewController.swift; sourceTree = "<group>"; };
		EF353F792543C30D0038B74D /* CameraViewController.swift */ = {isa = PBXFileReference; lastKnownFileType = sourcecode.swift; path = CameraViewController.swift; sourceTree = "<group>"; };
		EF353F7B2543EF910038B74D /* PostCell.swift */ = {isa = PBXFileReference; lastKnownFileType = sourcecode.swift; path = PostCell.swift; sourceTree = "<group>"; };
		EF9C2188254B742900C4C97D /* CommentCell.swift */ = {isa = PBXFileReference; lastKnownFileType = sourcecode.swift; path = CommentCell.swift; sourceTree = "<group>"; };
		FB423F19977B481F5119D884 /* Pods-Parstagram-ParstagramUITests.release.xcconfig */ = {isa = PBXFileReference; includeInIndex = 1; lastKnownFileType = text.xcconfig; name = "Pods-Parstagram-ParstagramUITests.release.xcconfig"; path = "Target Support Files/Pods-Parstagram-ParstagramUITests/Pods-Parstagram-ParstagramUITests.release.xcconfig"; sourceTree = "<group>"; };
/* End PBXFileReference section */

/* Begin PBXFrameworksBuildPhase section */
		EF353F3F254374EC0038B74D /* Frameworks */ = {
			isa = PBXFrameworksBuildPhase;
			buildActionMask = 2147483647;
			files = (
				1F1EEF552E3D67F9CE00A286 /* Pods_Parstagram.framework in Frameworks */,
			);
			runOnlyForDeploymentPostprocessing = 0;
		};
		EF353F55254374ED0038B74D /* Frameworks */ = {
			isa = PBXFrameworksBuildPhase;
			buildActionMask = 2147483647;
			files = (
				E812A4AC3ABB759CC232F84D /* Pods_ParstagramTests.framework in Frameworks */,
			);
			runOnlyForDeploymentPostprocessing = 0;
		};
		EF353F60254374ED0038B74D /* Frameworks */ = {
			isa = PBXFrameworksBuildPhase;
			buildActionMask = 2147483647;
			files = (
				D2BC4C1086F787AF427243C2 /* Pods_Parstagram_ParstagramUITests.framework in Frameworks */,
			);
			runOnlyForDeploymentPostprocessing = 0;
		};
/* End PBXFrameworksBuildPhase section */

/* Begin PBXGroup section */
		28F29FC4674671B6DCC8BA04 /* Frameworks */ = {
			isa = PBXGroup;
			children = (
				82B18E9AF526A7FC47E24D1E /* Pods_Parstagram.framework */,
				9867061AF40C0EBEB7127DBA /* Pods_Parstagram_ParstagramUITests.framework */,
				213C6189070D038321E9E2BD /* Pods_ParstagramTests.framework */,
			);
			name = Frameworks;
			sourceTree = "<group>";
		};
		4F843802C880467BC9512448 /* Pods */ = {
			isa = PBXGroup;
			children = (
				7376DFCC57B90BE27C9421A9 /* Pods-Parstagram.debug.xcconfig */,
				E3DABBB68BAF9AE4BE026F04 /* Pods-Parstagram.release.xcconfig */,
				EE39A5AEA2F5C1DC1324386B /* Pods-Parstagram-ParstagramUITests.debug.xcconfig */,
				FB423F19977B481F5119D884 /* Pods-Parstagram-ParstagramUITests.release.xcconfig */,
				226B0247814E1EEDCC6BAB26 /* Pods-ParstagramTests.debug.xcconfig */,
				7E91621A0DAEC6E859DF8852 /* Pods-ParstagramTests.release.xcconfig */,
			);
			path = Pods;
			sourceTree = "<group>";
		};
		EF353F39254374EC0038B74D = {
			isa = PBXGroup;
			children = (
				EF353F44254374EC0038B74D /* Parstagram */,
				EF353F5B254374ED0038B74D /* ParstagramTests */,
				EF353F66254374ED0038B74D /* ParstagramUITests */,
				EF353F43254374EC0038B74D /* Products */,
				4F843802C880467BC9512448 /* Pods */,
				28F29FC4674671B6DCC8BA04 /* Frameworks */,
			);
			sourceTree = "<group>";
		};
		EF353F43254374EC0038B74D /* Products */ = {
			isa = PBXGroup;
			children = (
				EF353F42254374EC0038B74D /* Parstagram.app */,
				EF353F58254374ED0038B74D /* ParstagramTests.xctest */,
				EF353F63254374ED0038B74D /* ParstagramUITests.xctest */,
			);
			name = Products;
			sourceTree = "<group>";
		};
		EF353F44254374EC0038B74D /* Parstagram */ = {
			isa = PBXGroup;
			children = (
				EF353F45254374EC0038B74D /* AppDelegate.swift */,
				EF353F47254374EC0038B74D /* SceneDelegate.swift */,
				EF353F4B254374EC0038B74D /* Main.storyboard */,
				EF353F4E254374ED0038B74D /* Assets.xcassets */,
				EF353F50254374ED0038B74D /* LaunchScreen.storyboard */,
				EF353F53254374ED0038B74D /* Info.plist */,
				EF353F752543B2270038B74D /* LoginViewController.swift */,
				EF353F772543B24D0038B74D /* FeedViewController.swift */,
				EF353F792543C30D0038B74D /* CameraViewController.swift */,
				EF353F7B2543EF910038B74D /* PostCell.swift */,
				EF9C2188254B742900C4C97D /* CommentCell.swift */,
			);
			path = Parstagram;
			sourceTree = "<group>";
		};
		EF353F5B254374ED0038B74D /* ParstagramTests */ = {
			isa = PBXGroup;
			children = (
				EF353F5C254374ED0038B74D /* ParstagramTests.swift */,
				EF353F5E254374ED0038B74D /* Info.plist */,
			);
			path = ParstagramTests;
			sourceTree = "<group>";
		};
		EF353F66254374ED0038B74D /* ParstagramUITests */ = {
			isa = PBXGroup;
			children = (
				EF353F67254374ED0038B74D /* ParstagramUITests.swift */,
				EF353F69254374ED0038B74D /* Info.plist */,
			);
			path = ParstagramUITests;
			sourceTree = "<group>";
		};
/* End PBXGroup section */

/* Begin PBXNativeTarget section */
		EF353F41254374EC0038B74D /* Parstagram */ = {
			isa = PBXNativeTarget;
			buildConfigurationList = EF353F6C254374ED0038B74D /* Build configuration list for PBXNativeTarget "Parstagram" */;
			buildPhases = (
				1F10BD17E4C96FBA74E2855D /* [CP] Check Pods Manifest.lock */,
				EF353F3E254374EC0038B74D /* Sources */,
				EF353F3F254374EC0038B74D /* Frameworks */,
				EF353F40254374EC0038B74D /* Resources */,
				17BBA40D34225BB6A9CF43B0 /* [CP] Embed Pods Frameworks */,
			);
			buildRules = (
			);
			dependencies = (
			);
			name = Parstagram;
			productName = Parstagram;
			productReference = EF353F42254374EC0038B74D /* Parstagram.app */;
			productType = "com.apple.product-type.application";
		};
		EF353F57254374ED0038B74D /* ParstagramTests */ = {
			isa = PBXNativeTarget;
			buildConfigurationList = EF353F6F254374ED0038B74D /* Build configuration list for PBXNativeTarget "ParstagramTests" */;
			buildPhases = (
				DF31151C1988CA61179F86D0 /* [CP] Check Pods Manifest.lock */,
				EF353F54254374ED0038B74D /* Sources */,
				EF353F55254374ED0038B74D /* Frameworks */,
				EF353F56254374ED0038B74D /* Resources */,
			);
			buildRules = (
			);
			dependencies = (
				EF353F5A254374ED0038B74D /* PBXTargetDependency */,
			);
			name = ParstagramTests;
			productName = ParstagramTests;
			productReference = EF353F58254374ED0038B74D /* ParstagramTests.xctest */;
			productType = "com.apple.product-type.bundle.unit-test";
		};
		EF353F62254374ED0038B74D /* ParstagramUITests */ = {
			isa = PBXNativeTarget;
			buildConfigurationList = EF353F72254374ED0038B74D /* Build configuration list for PBXNativeTarget "ParstagramUITests" */;
			buildPhases = (
				4E3EB261CAB77F1B5BF61F04 /* [CP] Check Pods Manifest.lock */,
				EF353F5F254374ED0038B74D /* Sources */,
				EF353F60254374ED0038B74D /* Frameworks */,
				EF353F61254374ED0038B74D /* Resources */,
				63F0937239FF71F7F3E4CABF /* [CP] Embed Pods Frameworks */,
			);
			buildRules = (
			);
			dependencies = (
				EF353F65254374ED0038B74D /* PBXTargetDependency */,
			);
			name = ParstagramUITests;
			productName = ParstagramUITests;
			productReference = EF353F63254374ED0038B74D /* ParstagramUITests.xctest */;
			productType = "com.apple.product-type.bundle.ui-testing";
		};
/* End PBXNativeTarget section */

/* Begin PBXProject section */
		EF353F3A254374EC0038B74D /* Project object */ = {
			isa = PBXProject;
			attributes = {
				LastSwiftUpdateCheck = 1170;
				LastUpgradeCheck = 1170;
				ORGANIZATIONNAME = Codepath;
				TargetAttributes = {
					EF353F41254374EC0038B74D = {
						CreatedOnToolsVersion = 11.7;
					};
					EF353F57254374ED0038B74D = {
						CreatedOnToolsVersion = 11.7;
						TestTargetID = EF353F41254374EC0038B74D;
					};
					EF353F62254374ED0038B74D = {
						CreatedOnToolsVersion = 11.7;
						TestTargetID = EF353F41254374EC0038B74D;
					};
				};
			};
			buildConfigurationList = EF353F3D254374EC0038B74D /* Build configuration list for PBXProject "Parstagram" */;
			compatibilityVersion = "Xcode 9.3";
			developmentRegion = en;
			hasScannedForEncodings = 0;
			knownRegions = (
				en,
				Base,
			);
			mainGroup = EF353F39254374EC0038B74D;
			productRefGroup = EF353F43254374EC0038B74D /* Products */;
			projectDirPath = "";
			projectRoot = "";
			targets = (
				EF353F41254374EC0038B74D /* Parstagram */,
				EF353F57254374ED0038B74D /* ParstagramTests */,
				EF353F62254374ED0038B74D /* ParstagramUITests */,
			);
		};
/* End PBXProject section */

/* Begin PBXResourcesBuildPhase section */
		EF353F40254374EC0038B74D /* Resources */ = {
			isa = PBXResourcesBuildPhase;
			buildActionMask = 2147483647;
			files = (
				EF353F52254374ED0038B74D /* LaunchScreen.storyboard in Resources */,
				EF353F4F254374ED0038B74D /* Assets.xcassets in Resources */,
				EF353F4D254374EC0038B74D /* Main.storyboard in Resources */,
			);
			runOnlyForDeploymentPostprocessing = 0;
		};
		EF353F56254374ED0038B74D /* Resources */ = {
			isa = PBXResourcesBuildPhase;
			buildActionMask = 2147483647;
			files = (
			);
			runOnlyForDeploymentPostprocessing = 0;
		};
		EF353F61254374ED0038B74D /* Resources */ = {
			isa = PBXResourcesBuildPhase;
			buildActionMask = 2147483647;
			files = (
			);
			runOnlyForDeploymentPostprocessing = 0;
		};
/* End PBXResourcesBuildPhase section */

/* Begin PBXShellScriptBuildPhase section */
		17BBA40D34225BB6A9CF43B0 /* [CP] Embed Pods Frameworks */ = {
			isa = PBXShellScriptBuildPhase;
			buildActionMask = 2147483647;
			files = (
			);
			inputFileListPaths = (
				"${PODS_ROOT}/Target Support Files/Pods-Parstagram/Pods-Parstagram-frameworks-${CONFIGURATION}-input-files.xcfilelist",
			);
			name = "[CP] Embed Pods Frameworks";
			outputFileListPaths = (
				"${PODS_ROOT}/Target Support Files/Pods-Parstagram/Pods-Parstagram-frameworks-${CONFIGURATION}-output-files.xcfilelist",
			);
			runOnlyForDeploymentPostprocessing = 0;
			shellPath = /bin/sh;
			shellScript = "\"${PODS_ROOT}/Target Support Files/Pods-Parstagram/Pods-Parstagram-frameworks.sh\"\n";
			showEnvVarsInLog = 0;
		};
		1F10BD17E4C96FBA74E2855D /* [CP] Check Pods Manifest.lock */ = {
			isa = PBXShellScriptBuildPhase;
			buildActionMask = 2147483647;
			files = (
			);
			inputFileListPaths = (
			);
			inputPaths = (
				"${PODS_PODFILE_DIR_PATH}/Podfile.lock",
				"${PODS_ROOT}/Manifest.lock",
			);
			name = "[CP] Check Pods Manifest.lock";
			outputFileListPaths = (
			);
			outputPaths = (
				"$(DERIVED_FILE_DIR)/Pods-Parstagram-checkManifestLockResult.txt",
			);
			runOnlyForDeploymentPostprocessing = 0;
			shellPath = /bin/sh;
			shellScript = "diff \"${PODS_PODFILE_DIR_PATH}/Podfile.lock\" \"${PODS_ROOT}/Manifest.lock\" > /dev/null\nif [ $? != 0 ] ; then\n    # print error to STDERR\n    echo \"error: The sandbox is not in sync with the Podfile.lock. Run 'pod install' or update your CocoaPods installation.\" >&2\n    exit 1\nfi\n# This output is used by Xcode 'outputs' to avoid re-running this script phase.\necho \"SUCCESS\" > \"${SCRIPT_OUTPUT_FILE_0}\"\n";
			showEnvVarsInLog = 0;
		};
		4E3EB261CAB77F1B5BF61F04 /* [CP] Check Pods Manifest.lock */ = {
			isa = PBXShellScriptBuildPhase;
			buildActionMask = 2147483647;
			files = (
			);
			inputFileListPaths = (
			);
			inputPaths = (
				"${PODS_PODFILE_DIR_PATH}/Podfile.lock",
				"${PODS_ROOT}/Manifest.lock",
			);
			name = "[CP] Check Pods Manifest.lock";
			outputFileListPaths = (
			);
			outputPaths = (
				"$(DERIVED_FILE_DIR)/Pods-Parstagram-ParstagramUITests-checkManifestLockResult.txt",
			);
			runOnlyForDeploymentPostprocessing = 0;
			shellPath = /bin/sh;
			shellScript = "diff \"${PODS_PODFILE_DIR_PATH}/Podfile.lock\" \"${PODS_ROOT}/Manifest.lock\" > /dev/null\nif [ $? != 0 ] ; then\n    # print error to STDERR\n    echo \"error: The sandbox is not in sync with the Podfile.lock. Run 'pod install' or update your CocoaPods installation.\" >&2\n    exit 1\nfi\n# This output is used by Xcode 'outputs' to avoid re-running this script phase.\necho \"SUCCESS\" > \"${SCRIPT_OUTPUT_FILE_0}\"\n";
			showEnvVarsInLog = 0;
		};
		63F0937239FF71F7F3E4CABF /* [CP] Embed Pods Frameworks */ = {
			isa = PBXShellScriptBuildPhase;
			buildActionMask = 2147483647;
			files = (
			);
			inputFileListPaths = (
				"${PODS_ROOT}/Target Support Files/Pods-Parstagram-ParstagramUITests/Pods-Parstagram-ParstagramUITests-frameworks-${CONFIGURATION}-input-files.xcfilelist",
			);
			name = "[CP] Embed Pods Frameworks";
			outputFileListPaths = (
				"${PODS_ROOT}/Target Support Files/Pods-Parstagram-ParstagramUITests/Pods-Parstagram-ParstagramUITests-frameworks-${CONFIGURATION}-output-files.xcfilelist",
			);
			runOnlyForDeploymentPostprocessing = 0;
			shellPath = /bin/sh;
			shellScript = "\"${PODS_ROOT}/Target Support Files/Pods-Parstagram-ParstagramUITests/Pods-Parstagram-ParstagramUITests-frameworks.sh\"\n";
			showEnvVarsInLog = 0;
		};
		DF31151C1988CA61179F86D0 /* [CP] Check Pods Manifest.lock */ = {
			isa = PBXShellScriptBuildPhase;
			buildActionMask = 2147483647;
			files = (
			);
			inputFileListPaths = (
			);
			inputPaths = (
				"${PODS_PODFILE_DIR_PATH}/Podfile.lock",
				"${PODS_ROOT}/Manifest.lock",
			);
			name = "[CP] Check Pods Manifest.lock";
			outputFileListPaths = (
			);
			outputPaths = (
				"$(DERIVED_FILE_DIR)/Pods-ParstagramTests-checkManifestLockResult.txt",
			);
			runOnlyForDeploymentPostprocessing = 0;
			shellPath = /bin/sh;
			shellScript = "diff \"${PODS_PODFILE_DIR_PATH}/Podfile.lock\" \"${PODS_ROOT}/Manifest.lock\" > /dev/null\nif [ $? != 0 ] ; then\n    # print error to STDERR\n    echo \"error: The sandbox is not in sync with the Podfile.lock. Run 'pod install' or update your CocoaPods installation.\" >&2\n    exit 1\nfi\n# This output is used by Xcode 'outputs' to avoid re-running this script phase.\necho \"SUCCESS\" > \"${SCRIPT_OUTPUT_FILE_0}\"\n";
			showEnvVarsInLog = 0;
		};
/* End PBXShellScriptBuildPhase section */

/* Begin PBXSourcesBuildPhase section */
		EF353F3E254374EC0038B74D /* Sources */ = {
			isa = PBXSourcesBuildPhase;
			buildActionMask = 2147483647;
			files = (
				EF353F762543B2270038B74D /* LoginViewController.swift in Sources */,
				EF353F7A2543C30D0038B74D /* CameraViewController.swift in Sources */,
				EF353F46254374EC0038B74D /* AppDelegate.swift in Sources */,
				EF353F782543B24D0038B74D /* FeedViewController.swift in Sources */,
				EF353F48254374EC0038B74D /* SceneDelegate.swift in Sources */,
				EF353F7C2543EF910038B74D /* PostCell.swift in Sources */,
				EF9C2189254B742900C4C97D /* CommentCell.swift in Sources */,
			);
			runOnlyForDeploymentPostprocessing = 0;
		};
		EF353F54254374ED0038B74D /* Sources */ = {
			isa = PBXSourcesBuildPhase;
			buildActionMask = 2147483647;
			files = (
				EF353F5D254374ED0038B74D /* ParstagramTests.swift in Sources */,
			);
			runOnlyForDeploymentPostprocessing = 0;
		};
		EF353F5F254374ED0038B74D /* Sources */ = {
			isa = PBXSourcesBuildPhase;
			buildActionMask = 2147483647;
			files = (
				EF353F68254374ED0038B74D /* ParstagramUITests.swift in Sources */,
			);
			runOnlyForDeploymentPostprocessing = 0;
		};
/* End PBXSourcesBuildPhase section */

/* Begin PBXTargetDependency section */
		EF353F5A254374ED0038B74D /* PBXTargetDependency */ = {
			isa = PBXTargetDependency;
			target = EF353F41254374EC0038B74D /* Parstagram */;
			targetProxy = EF353F59254374ED0038B74D /* PBXContainerItemProxy */;
		};
		EF353F65254374ED0038B74D /* PBXTargetDependency */ = {
			isa = PBXTargetDependency;
			target = EF353F41254374EC0038B74D /* Parstagram */;
			targetProxy = EF353F64254374ED0038B74D /* PBXContainerItemProxy */;
		};
/* End PBXTargetDependency section */

/* Begin PBXVariantGroup section */
		EF353F4B254374EC0038B74D /* Main.storyboard */ = {
			isa = PBXVariantGroup;
			children = (
				EF353F4C254374EC0038B74D /* Base */,
			);
			name = Main.storyboard;
			sourceTree = "<group>";
		};
		EF353F50254374ED0038B74D /* LaunchScreen.storyboard */ = {
			isa = PBXVariantGroup;
			children = (
				EF353F51254374ED0038B74D /* Base */,
			);
			name = LaunchScreen.storyboard;
			sourceTree = "<group>";
		};
/* End PBXVariantGroup section */

/* Begin XCBuildConfiguration section */
		EF353F6A254374ED0038B74D /* Debug */ = {
			isa = XCBuildConfiguration;
			buildSettings = {
				ALWAYS_SEARCH_USER_PATHS = NO;
				CLANG_ANALYZER_NONNULL = YES;
				CLANG_ANALYZER_NUMBER_OBJECT_CONVERSION = YES_AGGRESSIVE;
				CLANG_CXX_LANGUAGE_STANDARD = "gnu++14";
				CLANG_CXX_LIBRARY = "libc++";
				CLANG_ENABLE_MODULES = YES;
				CLANG_ENABLE_OBJC_ARC = YES;
				CLANG_ENABLE_OBJC_WEAK = YES;
				CLANG_WARN_BLOCK_CAPTURE_AUTORELEASING = YES;
				CLANG_WARN_BOOL_CONVERSION = YES;
				CLANG_WARN_COMMA = YES;
				CLANG_WARN_CONSTANT_CONVERSION = YES;
				CLANG_WARN_DEPRECATED_OBJC_IMPLEMENTATIONS = YES;
				CLANG_WARN_DIRECT_OBJC_ISA_USAGE = YES_ERROR;
				CLANG_WARN_DOCUMENTATION_COMMENTS = YES;
				CLANG_WARN_EMPTY_BODY = YES;
				CLANG_WARN_ENUM_CONVERSION = YES;
				CLANG_WARN_INFINITE_RECURSION = YES;
				CLANG_WARN_INT_CONVERSION = YES;
				CLANG_WARN_NON_LITERAL_NULL_CONVERSION = YES;
				CLANG_WARN_OBJC_IMPLICIT_RETAIN_SELF = YES;
				CLANG_WARN_OBJC_LITERAL_CONVERSION = YES;
				CLANG_WARN_OBJC_ROOT_CLASS = YES_ERROR;
				CLANG_WARN_RANGE_LOOP_ANALYSIS = YES;
				CLANG_WARN_STRICT_PROTOTYPES = YES;
				CLANG_WARN_SUSPICIOUS_MOVE = YES;
				CLANG_WARN_UNGUARDED_AVAILABILITY = YES_AGGRESSIVE;
				CLANG_WARN_UNREACHABLE_CODE = YES;
				CLANG_WARN__DUPLICATE_METHOD_MATCH = YES;
				COPY_PHASE_STRIP = NO;
				DEBUG_INFORMATION_FORMAT = dwarf;
				ENABLE_STRICT_OBJC_MSGSEND = YES;
				ENABLE_TESTABILITY = YES;
				GCC_C_LANGUAGE_STANDARD = gnu11;
				GCC_DYNAMIC_NO_PIC = NO;
				GCC_NO_COMMON_BLOCKS = YES;
				GCC_OPTIMIZATION_LEVEL = 0;
				GCC_PREPROCESSOR_DEFINITIONS = (
					"DEBUG=1",
					"$(inherited)",
				);
				GCC_WARN_64_TO_32_BIT_CONVERSION = YES;
				GCC_WARN_ABOUT_RETURN_TYPE = YES_ERROR;
				GCC_WARN_UNDECLARED_SELECTOR = YES;
				GCC_WARN_UNINITIALIZED_AUTOS = YES_AGGRESSIVE;
				GCC_WARN_UNUSED_FUNCTION = YES;
				GCC_WARN_UNUSED_VARIABLE = YES;
				IPHONEOS_DEPLOYMENT_TARGET = 13.7;
				MTL_ENABLE_DEBUG_INFO = INCLUDE_SOURCE;
				MTL_FAST_MATH = YES;
				ONLY_ACTIVE_ARCH = YES;
				SDKROOT = iphoneos;
				SWIFT_ACTIVE_COMPILATION_CONDITIONS = DEBUG;
				SWIFT_OPTIMIZATION_LEVEL = "-Onone";
			};
			name = Debug;
		};
		EF353F6B254374ED0038B74D /* Release */ = {
			isa = XCBuildConfiguration;
			buildSettings = {
				ALWAYS_SEARCH_USER_PATHS = NO;
				CLANG_ANALYZER_NONNULL = YES;
				CLANG_ANALYZER_NUMBER_OBJECT_CONVERSION = YES_AGGRESSIVE;
				CLANG_CXX_LANGUAGE_STANDARD = "gnu++14";
				CLANG_CXX_LIBRARY = "libc++";
				CLANG_ENABLE_MODULES = YES;
				CLANG_ENABLE_OBJC_ARC = YES;
				CLANG_ENABLE_OBJC_WEAK = YES;
				CLANG_WARN_BLOCK_CAPTURE_AUTORELEASING = YES;
				CLANG_WARN_BOOL_CONVERSION = YES;
				CLANG_WARN_COMMA = YES;
				CLANG_WARN_CONSTANT_CONVERSION = YES;
				CLANG_WARN_DEPRECATED_OBJC_IMPLEMENTATIONS = YES;
				CLANG_WARN_DIRECT_OBJC_ISA_USAGE = YES_ERROR;
				CLANG_WARN_DOCUMENTATION_COMMENTS = YES;
				CLANG_WARN_EMPTY_BODY = YES;
				CLANG_WARN_ENUM_CONVERSION = YES;
				CLANG_WARN_INFINITE_RECURSION = YES;
				CLANG_WARN_INT_CONVERSION = YES;
				CLANG_WARN_NON_LITERAL_NULL_CONVERSION = YES;
				CLANG_WARN_OBJC_IMPLICIT_RETAIN_SELF = YES;
				CLANG_WARN_OBJC_LITERAL_CONVERSION = YES;
				CLANG_WARN_OBJC_ROOT_CLASS = YES_ERROR;
				CLANG_WARN_RANGE_LOOP_ANALYSIS = YES;
				CLANG_WARN_STRICT_PROTOTYPES = YES;
				CLANG_WARN_SUSPICIOUS_MOVE = YES;
				CLANG_WARN_UNGUARDED_AVAILABILITY = YES_AGGRESSIVE;
				CLANG_WARN_UNREACHABLE_CODE = YES;
				CLANG_WARN__DUPLICATE_METHOD_MATCH = YES;
				COPY_PHASE_STRIP = NO;
				DEBUG_INFORMATION_FORMAT = "dwarf-with-dsym";
				ENABLE_NS_ASSERTIONS = NO;
				ENABLE_STRICT_OBJC_MSGSEND = YES;
				GCC_C_LANGUAGE_STANDARD = gnu11;
				GCC_NO_COMMON_BLOCKS = YES;
				GCC_WARN_64_TO_32_BIT_CONVERSION = YES;
				GCC_WARN_ABOUT_RETURN_TYPE = YES_ERROR;
				GCC_WARN_UNDECLARED_SELECTOR = YES;
				GCC_WARN_UNINITIALIZED_AUTOS = YES_AGGRESSIVE;
				GCC_WARN_UNUSED_FUNCTION = YES;
				GCC_WARN_UNUSED_VARIABLE = YES;
				IPHONEOS_DEPLOYMENT_TARGET = 13.7;
				MTL_ENABLE_DEBUG_INFO = NO;
				MTL_FAST_MATH = YES;
				SDKROOT = iphoneos;
				SWIFT_COMPILATION_MODE = wholemodule;
				SWIFT_OPTIMIZATION_LEVEL = "-O";
				VALIDATE_PRODUCT = YES;
			};
			name = Release;
		};
		EF353F6D254374ED0038B74D /* Debug */ = {
			isa = XCBuildConfiguration;
			baseConfigurationReference = 7376DFCC57B90BE27C9421A9 /* Pods-Parstagram.debug.xcconfig */;
			buildSettings = {
				ASSETCATALOG_COMPILER_APPICON_NAME = AppIcon;
				CODE_SIGN_STYLE = Automatic;
				INFOPLIST_FILE = Parstagram/Info.plist;
				LD_RUNPATH_SEARCH_PATHS = (
					"$(inherited)",
					"@executable_path/Frameworks",
				);
				PRODUCT_BUNDLE_IDENTIFIER = Codepath.Parstagram;
				PRODUCT_NAME = "$(TARGET_NAME)";
				SWIFT_VERSION = 5.0;
				TARGETED_DEVICE_FAMILY = "1,2";
			};
			name = Debug;
		};
		EF353F6E254374ED0038B74D /* Release */ = {
			isa = XCBuildConfiguration;
			baseConfigurationReference = E3DABBB68BAF9AE4BE026F04 /* Pods-Parstagram.release.xcconfig */;
			buildSettings = {
				ASSETCATALOG_COMPILER_APPICON_NAME = AppIcon;
				CODE_SIGN_STYLE = Automatic;
				INFOPLIST_FILE = Parstagram/Info.plist;
				LD_RUNPATH_SEARCH_PATHS = (
					"$(inherited)",
					"@executable_path/Frameworks",
				);
				PRODUCT_BUNDLE_IDENTIFIER = Codepath.Parstagram;
				PRODUCT_NAME = "$(TARGET_NAME)";
				SWIFT_VERSION = 5.0;
				TARGETED_DEVICE_FAMILY = "1,2";
			};
			name = Release;
		};
		EF353F70254374ED0038B74D /* Debug */ = {
			isa = XCBuildConfiguration;
			baseConfigurationReference = 226B0247814E1EEDCC6BAB26 /* Pods-ParstagramTests.debug.xcconfig */;
			buildSettings = {
				ALWAYS_EMBED_SWIFT_STANDARD_LIBRARIES = YES;
				BUNDLE_LOADER = "$(TEST_HOST)";
				CODE_SIGN_STYLE = Automatic;
				INFOPLIST_FILE = ParstagramTests/Info.plist;
				IPHONEOS_DEPLOYMENT_TARGET = 13.7;
				LD_RUNPATH_SEARCH_PATHS = (
					"$(inherited)",
					"@executable_path/Frameworks",
					"@loader_path/Frameworks",
				);
				PRODUCT_BUNDLE_IDENTIFIER = Codepath.ParstagramTests;
				PRODUCT_NAME = "$(TARGET_NAME)";
				SWIFT_VERSION = 5.0;
				TARGETED_DEVICE_FAMILY = "1,2";
				TEST_HOST = "$(BUILT_PRODUCTS_DIR)/Parstagram.app/Parstagram";
			};
			name = Debug;
		};
		EF353F71254374ED0038B74D /* Release */ = {
			isa = XCBuildConfiguration;
			baseConfigurationReference = 7E91621A0DAEC6E859DF8852 /* Pods-ParstagramTests.release.xcconfig */;
			buildSettings = {
				ALWAYS_EMBED_SWIFT_STANDARD_LIBRARIES = YES;
				BUNDLE_LOADER = "$(TEST_HOST)";
				CODE_SIGN_STYLE = Automatic;
				INFOPLIST_FILE = ParstagramTests/Info.plist;
				IPHONEOS_DEPLOYMENT_TARGET = 13.7;
				LD_RUNPATH_SEARCH_PATHS = (
					"$(inherited)",
					"@executable_path/Frameworks",
					"@loader_path/Frameworks",
				);
				PRODUCT_BUNDLE_IDENTIFIER = Codepath.ParstagramTests;
				PRODUCT_NAME = "$(TARGET_NAME)";
				SWIFT_VERSION = 5.0;
				TARGETED_DEVICE_FAMILY = "1,2";
				TEST_HOST = "$(BUILT_PRODUCTS_DIR)/Parstagram.app/Parstagram";
			};
			name = Release;
		};
		EF353F73254374ED0038B74D /* Debug */ = {
			isa = XCBuildConfiguration;
			baseConfigurationReference = EE39A5AEA2F5C1DC1324386B /* Pods-Parstagram-ParstagramUITests.debug.xcconfig */;
			buildSettings = {
				ALWAYS_EMBED_SWIFT_STANDARD_LIBRARIES = YES;
				CODE_SIGN_STYLE = Automatic;
				INFOPLIST_FILE = ParstagramUITests/Info.plist;
				LD_RUNPATH_SEARCH_PATHS = (
					"$(inherited)",
					"@executable_path/Frameworks",
					"@loader_path/Frameworks",
				);
				PRODUCT_BUNDLE_IDENTIFIER = Codepath.ParstagramUITests;
				PRODUCT_NAME = "$(TARGET_NAME)";
				SWIFT_VERSION = 5.0;
				TARGETED_DEVICE_FAMILY = "1,2";
				TEST_TARGET_NAME = Parstagram;
			};
			name = Debug;
		};
		EF353F74254374ED0038B74D /* Release */ = {
			isa = XCBuildConfiguration;
			baseConfigurationReference = FB423F19977B481F5119D884 /* Pods-Parstagram-ParstagramUITests.release.xcconfig */;
			buildSettings = {
				ALWAYS_EMBED_SWIFT_STANDARD_LIBRARIES = YES;
				CODE_SIGN_STYLE = Automatic;
				INFOPLIST_FILE = ParstagramUITests/Info.plist;
				LD_RUNPATH_SEARCH_PATHS = (
					"$(inherited)",
					"@executable_path/Frameworks",
					"@loader_path/Frameworks",
				);
				PRODUCT_BUNDLE_IDENTIFIER = Codepath.ParstagramUITests;
				PRODUCT_NAME = "$(TARGET_NAME)";
				SWIFT_VERSION = 5.0;
				TARGETED_DEVICE_FAMILY = "1,2";
				TEST_TARGET_NAME = Parstagram;
			};
			name = Release;
		};
/* End XCBuildConfiguration section */

/* Begin XCConfigurationList section */
		EF353F3D254374EC0038B74D /* Build configuration list for PBXProject "Parstagram" */ = {
			isa = XCConfigurationList;
			buildConfigurations = (
				EF353F6A254374ED0038B74D /* Debug */,
				EF353F6B254374ED0038B74D /* Release */,
			);
			defaultConfigurationIsVisible = 0;
			defaultConfigurationName = Release;
		};
		EF353F6C254374ED0038B74D /* Build configuration list for PBXNativeTarget "Parstagram" */ = {
			isa = XCConfigurationList;
			buildConfigurations = (
				EF353F6D254374ED0038B74D /* Debug */,
				EF353F6E254374ED0038B74D /* Release */,
			);
			defaultConfigurationIsVisible = 0;
			defaultConfigurationName = Release;
		};
		EF353F6F254374ED0038B74D /* Build configuration list for PBXNativeTarget "ParstagramTests" */ = {
			isa = XCConfigurationList;
			buildConfigurations = (
				EF353F70254374ED0038B74D /* Debug */,
				EF353F71254374ED0038B74D /* Release */,
			);
			defaultConfigurationIsVisible = 0;
			defaultConfigurationName = Release;
		};
		EF353F72254374ED0038B74D /* Build configuration list for PBXNativeTarget "ParstagramUITests" */ = {
			isa = XCConfigurationList;
			buildConfigurations = (
				EF353F73254374ED0038B74D /* Debug */,
				EF353F74254374ED0038B74D /* Release */,
			);
			defaultConfigurationIsVisible = 0;
			defaultConfigurationName = Release;
		};
/* End XCConfigurationList section */
	};
	rootObject = EF353F3A254374EC0038B74D /* Project object */;
}
